
Microsoft Visual Studio Solution File, Format Version 12.00
# Visual Studio 15
VisualStudioVersion = 15.0.28010.2041
MinimumVisualStudioVersion = 10.0.40219.1
Project("{FAE04EC0-301F-11D3-BF4B-00C04F79EFBC}") = "STPSolution", "STPSolution\STPSolution.csproj", "{053F7977-9607-423B-B660-DDF04AF7B944}"
EndProject
Global
	GlobalSection(SolutionConfigurationPlatforms) = preSolution
		Debug|Any CPU = Debug|Any CPU
		Release|Any CPU = Release|Any CPU
	EndGlobalSection
	GlobalSection(ProjectConfigurationPlatforms) = postSolution
		{053F7977-9607-423B-B660-DDF04AF7B944}.Debug|Any CPU.ActiveCfg = Debug|Any CPU
		{053F7977-9607-423B-B660-DDF04AF7B944}.Debug|Any CPU.Build.0 = Debug|Any CPU
		{053F7977-9607-423B-B660-DDF04AF7B944}.Release|Any CPU.ActiveCfg = Release|Any CPU
		{053F7977-9607-423B-B660-DDF04AF7B944}.Release|Any CPU.Build.0 = Release|Any CPU
	EndGlobalSection
	GlobalSection(SolutionProperties) = preSolution
		HideSolutionNode = FALSE
	EndGlobalSection
	GlobalSection(ExtensibilityGlobals) = postSolution
		SolutionGuid = {A030F638-928F-4C64-BF21-CBCC7E163AD4}
	EndGlobalSection
EndGlobal
